
Microsoft Visual Studio Solution File, Format Version 12.00
# Visual Studio 15
VisualStudioVersion = 15.0.28010.2016
MinimumVisualStudioVersion = 10.0.40219.1
Project("{FAE04EC0-301F-11D3-BF4B-00C04F79EFBC}") = "WinFWMon", "WinFWMon\WinFWMon.csproj", "{45141367-3B64-41A5-B57C-347F4A10C436}"
EndProject
Global
	GlobalSection(SolutionConfigurationPlatforms) = preSolution
		Debug|Any CPU = Debug|Any CPU
		Release|Any CPU = Release|Any CPU
	EndGlobalSection
	GlobalSection(ProjectConfigurationPlatforms) = postSolution
		{45141367-3B64-41A5-B57C-347F4A10C436}.Debug|Any CPU.ActiveCfg = Debug|Any CPU
		{45141367-3B64-41A5-B57C-347F4A10C436}.Debug|Any CPU.Build.0 = Debug|Any CPU
		{45141367-3B64-41A5-B57C-347F4A10C436}.Release|Any CPU.ActiveCfg = Release|Any CPU
		{45141367-3B64-41A5-B57C-347F4A10C436}.Release|Any CPU.Build.0 = Release|Any CPU
	EndGlobalSection
	GlobalSection(SolutionProperties) = preSolution
		HideSolutionNode = FALSE
	EndGlobalSection
	GlobalSection(ExtensibilityGlobals) = postSolution
		SolutionGuid = {FBB61A14-614C-4647-84F5-E053FE181650}
	EndGlobalSection
EndGlobal
